
Microsoft Visual Studio Solution File, Format Version 12.00
# Visual Studio 15
VisualStudioVersion = 15.0.27130.2024
MinimumVisualStudioVersion = 10.0.40219.1
Project("{FAE04EC0-301F-11D3-BF4B-00C04F79EFBC}") = "MPSC.PlenoSoft.Office", "MPSC.PlenoSoft.Office\MPSC.PlenoSoft.Office.csproj", "{40124EA5-144F-41BD-97BB-6D35A2B0B3A2}"
EndProject
Project("{FAE04EC0-301F-11D3-BF4B-00C04F79EFBC}") = "MPSC.PlenoSoft.Office.Testes.Unidade", "MPSC.PlenoSoft.Office.Testes.Unidade\MPSC.PlenoSoft.Office.Testes.Unidade.csproj", "{B91AF84F-D328-4BF7-8C69-C96420D6144B}"
EndProject
Global
	GlobalSection(SolutionConfigurationPlatforms) = preSolution
		Debug|Any CPU = Debug|Any CPU
		Debug|x64 = Debug|x64
		Debug|x86 = Debug|x86
		Release|Any CPU = Release|Any CPU
		Release|x64 = Release|x64
		Release|x86 = Release|x86
	EndGlobalSection
	GlobalSection(ProjectConfigurationPlatforms) = postSolution
		{40124EA5-144F-41BD-97BB-6D35A2B0B3A2}.Debug|Any CPU.ActiveCfg = Debug|Any CPU
		{40124EA5-144F-41BD-97BB-6D35A2B0B3A2}.Debug|Any CPU.Build.0 = Debug|Any CPU
		{40124EA5-144F-41BD-97BB-6D35A2B0B3A2}.Debug|x64.ActiveCfg = Debug|x64
		{40124EA5-144F-41BD-97BB-6D35A2B0B3A2}.Debug|x64.Build.0 = Debug|x64
		{40124EA5-144F-41BD-97BB-6D35A2B0B3A2}.Debug|x86.ActiveCfg = Debug|x86
		{40124EA5-144F-41BD-97BB-6D35A2B0B3A2}.Debug|x86.Build.0 = Debug|x86
		{40124EA5-144F-41BD-97BB-6D35A2B0B3A2}.Release|Any CPU.ActiveCfg = Release|Any CPU
		{40124EA5-144F-41BD-97BB-6D35A2B0B3A2}.Release|Any CPU.Build.0 = Release|Any CPU
		{40124EA5-144F-41BD-97BB-6D35A2B0B3A2}.Release|x64.ActiveCfg = Release|x64
		{40124EA5-144F-41BD-97BB-6D35A2B0B3A2}.Release|x64.Build.0 = Release|x64
		{40124EA5-144F-41BD-97BB-6D35A2B0B3A2}.Release|x86.ActiveCfg = Release|x86
		{40124EA5-144F-41BD-97BB-6D35A2B0B3A2}.Release|x86.Build.0 = Release|x86
		{B91AF84F-D328-4BF7-8C69-C96420D6144B}.Debug|Any CPU.ActiveCfg = Debug|Any CPU
		{B91AF84F-D328-4BF7-8C69-C96420D6144B}.Debug|Any CPU.Build.0 = Debug|Any CPU
		{B91AF84F-D328-4BF7-8C69-C96420D6144B}.Debug|x64.ActiveCfg = Debug|Any CPU
		{B91AF84F-D328-4BF7-8C69-C96420D6144B}.Debug|x64.Build.0 = Debug|Any CPU
		{B91AF84F-D328-4BF7-8C69-C96420D6144B}.Debug|x86.ActiveCfg = Debug|Any CPU
		{B91AF84F-D328-4BF7-8C69-C96420D6144B}.Debug|x86.Build.0 = Debug|Any CPU
		{B91AF84F-D328-4BF7-8C69-C96420D6144B}.Release|Any CPU.ActiveCfg = Release|Any CPU
		{B91AF84F-D328-4BF7-8C69-C96420D6144B}.Release|Any CPU.Build.0 = Release|Any CPU
		{B91AF84F-D328-4BF7-8C69-C96420D6144B}.Release|x64.ActiveCfg = Release|Any CPU
		{B91AF84F-D328-4BF7-8C69-C96420D6144B}.Release|x64.Build.0 = Release|Any CPU
		{B91AF84F-D328-4BF7-8C69-C96420D6144B}.Release|x86.ActiveCfg = Release|Any CPU
		{B91AF84F-D328-4BF7-8C69-C96420D6144B}.Release|x86.Build.0 = Release|Any CPU
	EndGlobalSection
	GlobalSection(SolutionProperties) = preSolution
		HideSolutionNode = FALSE
	EndGlobalSection
	GlobalSection(ExtensibilityGlobals) = postSolution
		SolutionGuid = {0F2920E5-B729-4662-AE17-38AF0E9C758D}
	EndGlobalSection
EndGlobal
